
Microsoft Visual Studio Solution File, Format Version 12.00
# Visual Studio Version 16
VisualStudioVersion = 16.0.30309.148
MinimumVisualStudioVersion = 10.0.40219.1
Project("{9A19103F-16F7-4668-BE54-9A1E7A4F7556}") = "MVC_Proyect", "MVC_Proyect.csproj", "{0BC5C182-9C6D-49E5-B8E5-F9D3420B043A}"
EndProject
Project("{9A19103F-16F7-4668-BE54-9A1E7A4F7556}") = "ApiSitio", "..\ApiSitio\ApiSitio.csproj", "{973660F8-9AEB-4C23-992F-724C05A846FD}"
EndProject
Global
	GlobalSection(SolutionConfigurationPlatforms) = preSolution
		Debug|Any CPU = Debug|Any CPU
		Release|Any CPU = Release|Any CPU
	EndGlobalSection
	GlobalSection(ProjectConfigurationPlatforms) = postSolution
		{0BC5C182-9C6D-49E5-B8E5-F9D3420B043A}.Debug|Any CPU.ActiveCfg = Debug|Any CPU
		{0BC5C182-9C6D-49E5-B8E5-F9D3420B043A}.Debug|Any CPU.Build.0 = Debug|Any CPU
		{0BC5C182-9C6D-49E5-B8E5-F9D3420B043A}.Release|Any CPU.ActiveCfg = Release|Any CPU
		{0BC5C182-9C6D-49E5-B8E5-F9D3420B043A}.Release|Any CPU.Build.0 = Release|Any CPU
		{973660F8-9AEB-4C23-992F-724C05A846FD}.Debug|Any CPU.ActiveCfg = Debug|Any CPU
		{973660F8-9AEB-4C23-992F-724C05A846FD}.Debug|Any CPU.Build.0 = Debug|Any CPU
		{973660F8-9AEB-4C23-992F-724C05A846FD}.Release|Any CPU.ActiveCfg = Release|Any CPU
		{973660F8-9AEB-4C23-992F-724C05A846FD}.Release|Any CPU.Build.0 = Release|Any CPU
	EndGlobalSection
	GlobalSection(SolutionProperties) = preSolution
		HideSolutionNode = FALSE
	EndGlobalSection
	GlobalSection(ExtensibilityGlobals) = postSolution
		SolutionGuid = {9EA505D7-9ED5-43AD-9347-1704DDC17CC8}
	EndGlobalSection
EndGlobal
